<?xml version="1.0" encoding="utf-8"?>
<Project ToolsVersion="4.0" xmlns="http://schemas.microsoft.com/developer/msbuild/2003">
  <ItemGroup>
    <Filter Include="源文件">
      <UniqueIdentifier>{4FC737F1-C7A5-4376-A066-2A32D752A2FF}</UniqueIdentifier>
      <Extensions>cpp;c;cc;cxx;def;odl;idl;hpj;bat;asm;asmx</Extensions>
    </Filter>
    <Filter Include="头文件">
      <UniqueIdentifier>{93995380-89BD-4b04-88EB-625FBE52EBFB}</UniqueIdentifier>
      <Extensions>h;hh;hpp;hxx;hm;inl;inc;xsd</Extensions>
    </Filter>
    <Filter Include="资源文件">
      <UniqueIdentifier>{67DA6AB6-F800-4c08-8B7A-83BB121AAD01}</UniqueIdentifier>
      <Extensions>rc;ico;cur;bmp;dlg;rc2;rct;bin;rgs;gif;jpg;jpeg;jpe;resx;tiff;tif;png;wav;mfcribbon-ms</Extensions>
    </Filter>
  </ItemGroup>
  <ItemGroup>
    <ClCompile Include="vtoyjump.c">
      <Filter>源文件</Filter>
    </ClCompile>
    <ClCompile Include="fat_io_lib\fat_access.c">
      <Filter>源文件</Filter>
    </ClCompile>
    <ClCompile Include="fat_io_lib\fat_cache.c">
      <Filter>源文件</Filter>
    </ClCompile>
    <ClCompile Include="fat_io_lib\fat_filelib.c">
      <Filter>源文件</Filter>
    </ClCompile>
    <ClCompile Include="fat_io_lib\fat_format.c">
      <Filter>源文件</Filter>
    </ClCompile>
    <ClCompile Include="fat_io_lib\fat_misc.c">
      <Filter>源文件</Filter>
    </ClCompile>
    <ClCompile Include="fat_io_lib\fat_string.c">
      <Filter>源文件</Filter>
    </ClCompile>
    <ClCompile Include="fat_io_lib\fat_table.c">
      <Filter>源文件</Filter>
    </ClCompile>
    <ClCompile Include="fat_io_lib\fat_write.c">
      <Filter>源文件</Filter>
    </ClCompile>
    <ClCompile Include="xz-embedded-20130513\linux\lib\decompress_unxz.c">
      <Filter>源文件</Filter>
    </ClCompile>
    <ClCompile Include="setupmon.c">
      <Filter>源文件</Filter>
    </ClCompile>
  </ItemGroup>
  <ItemGroup>
    <ClInclude Include="vtoyjump.h">
      <Filter>头文件</Filter>
    </ClInclude>
    <ClInclude Include="fat_io_lib\fat_access.h">
      <Filter>头文件</Filter>
    </ClInclude>
    <ClInclude Include="fat_io_lib\fat_cache.h">
      <Filter>头文件</Filter>
    </ClInclude>
    <ClInclude Include="fat_io_lib\fat_defs.h">
      <Filter>头文件</Filter>
    </ClInclude>
    <ClInclude Include="fat_io_lib\fat_filelib.h">
      <Filter>头文件</Filter>
    </ClInclude>
    <ClInclude Include="fat_io_lib\fat_format.h">
      <Filter>头文件</Filter>
    </ClInclude>
    <ClInclude Include="fat_io_lib\fat_list.h">
      <Filter>头文件</Filter>
    </ClInclude>
    <ClInclude Include="fat_io_lib\fat_misc.h">
      <Filter>头文件</Filter>
    </ClInclude>
    <ClInclude Include="fat_io_lib\fat_opts.h">
      <Filter>头文件</Filter>
    </ClInclude>
    <ClInclude Include="fat_io_lib\fat_string.h">
      <Filter>头文件</Filter>
    </ClInclude>
    <ClInclude Include="fat_io_lib\fat_table.h">
      <Filter>头文件</Filter>
    </ClInclude>
    <ClInclude Include="fat_io_lib\fat_types.h">
      <Filter>头文件</Filter>
    </ClInclude>
    <ClInclude Include="fat_io_lib\fat_write.h">
      <Filter>头文件</Filter>
    </ClInclude>
  </ItemGroup>
</Project>