<?xml version="1.0" encoding="utf-8"?>
<Project ToolsVersion="4.0" xmlns="http://schemas.microsoft.com/developer/msbuild/2003">
  <ItemGroup>
    <Filter Include="源文件">
      <UniqueIdentifier>{4FC737F1-C7A5-4376-A066-2A32D752A2FF}</UniqueIdentifier>
      <Extensions>cpp;c;cc;cxx;def;odl;idl;hpj;bat;asm;asmx</Extensions>
    </Filter>
    <Filter Include="头文件">
      <UniqueIdentifier>{93995380-89BD-4b04-88EB-625FBE52EBFB}</UniqueIdentifier>
      <Extensions>h;hh;hpp;hxx;hm;inl;inc;xsd</Extensions>
    </Filter>
    <Filter Include="资源文件">
      <UniqueIdentifier>{67DA6AB6-F800-4c08-8B7A-83BB121AAD01}</UniqueIdentifier>
      <Extensions>rc;ico;cur;bmp;dlg;rc2;rct;bin;rgs;gif;jpg;jpeg;jpe;resx;tiff;tif;png;wav;mfcribbon-ms</Extensions>
    </Filter>
  </ItemGroup>
  <ItemGroup>
    <ClCompile Include="..\..\..\src\Core\ventoy_crc32.c">
      <Filter>源文件</Filter>
    </ClCompile>
    <ClCompile Include="..\..\..\src\Core\ventoy_disk.c">
      <Filter>源文件</Filter>
    </ClCompile>
    <ClCompile Include="..\..\..\src\Core\ventoy_disk_windows.c">
      <Filter>源文件</Filter>
    </ClCompile>
    <ClCompile Include="..\..\..\src\Core\ventoy_json.c">
      <Filter>源文件</Filter>
    </ClCompile>
    <ClCompile Include="..\..\..\src\Core\ventoy_log.c">
      <Filter>源文件</Filter>
    </ClCompile>
    <ClCompile Include="..\..\..\src\Core\ventoy_md5.c">
      <Filter>源文件</Filter>
    </ClCompile>
    <ClCompile Include="..\..\..\src\Core\ventoy_util.c">
      <Filter>源文件</Filter>
    </ClCompile>
    <ClCompile Include="..\..\..\src\Core\ventoy_util_windows.c">
      <Filter>源文件</Filter>
    </ClCompile>
    <ClCompile Include="..\..\..\src\Lib\fat_io_lib\fat_access.c">
      <Filter>源文件</Filter>
    </ClCompile>
    <ClCompile Include="..\..\..\src\Lib\fat_io_lib\fat_cache.c">
      <Filter>源文件</Filter>
    </ClCompile>
    <ClCompile Include="..\..\..\src\Lib\fat_io_lib\fat_filelib.c">
      <Filter>源文件</Filter>
    </ClCompile>
    <ClCompile Include="..\..\..\src\Lib\fat_io_lib\fat_format.c">
      <Filter>源文件</Filter>
    </ClCompile>
    <ClCompile Include="..\..\..\src\Lib\fat_io_lib\fat_misc.c">
      <Filter>源文件</Filter>
    </ClCompile>
    <ClCompile Include="..\..\..\src\Lib\fat_io_lib\fat_string.c">
      <Filter>源文件</Filter>
    </ClCompile>
    <ClCompile Include="..\..\..\src\Lib\fat_io_lib\fat_table.c">
      <Filter>源文件</Filter>
    </ClCompile>
    <ClCompile Include="..\..\..\src\Lib\fat_io_lib\fat_write.c">
      <Filter>源文件</Filter>
    </ClCompile>
    <ClCompile Include="..\..\..\src\Lib\libhttp\include\civetweb.c">
      <Filter>源文件</Filter>
    </ClCompile>
    <ClCompile Include="..\..\..\src\Web\ventoy_http.c">
      <Filter>源文件</Filter>
    </ClCompile>
    <ClCompile Include="..\..\..\src\Lib\xz-embedded\linux\lib\decompress_unxz.c">
      <Filter>源文件</Filter>
    </ClCompile>
    <ClCompile Include="..\..\..\src\main_windows.c">
      <Filter>源文件</Filter>
    </ClCompile>
    <ClCompile Include="..\..\..\src\Core\ventoy_utf.c">
      <Filter>源文件</Filter>
    </ClCompile>
  </ItemGroup>
  <ItemGroup>
    <ClInclude Include="..\..\..\src\Core\ventoy_define.h">
      <Filter>头文件</Filter>
    </ClInclude>
    <ClInclude Include="..\..\..\src\Core\ventoy_disk.h">
      <Filter>头文件</Filter>
    </ClInclude>
    <ClInclude Include="..\..\..\src\Core\ventoy_json.h">
      <Filter>头文件</Filter>
    </ClInclude>
    <ClInclude Include="..\..\..\src\Core\ventoy_util.h">
      <Filter>头文件</Filter>
    </ClInclude>
    <ClInclude Include="..\..\..\src\Lib\fat_io_lib\fat_access.h">
      <Filter>头文件</Filter>
    </ClInclude>
    <ClInclude Include="..\..\..\src\Lib\fat_io_lib\fat_cache.h">
      <Filter>头文件</Filter>
    </ClInclude>
    <ClInclude Include="..\..\..\src\Lib\fat_io_lib\fat_defs.h">
      <Filter>头文件</Filter>
    </ClInclude>
    <ClInclude Include="..\..\..\src\Lib\fat_io_lib\fat_filelib.h">
      <Filter>头文件</Filter>
    </ClInclude>
    <ClInclude Include="..\..\..\src\Lib\fat_io_lib\fat_format.h">
      <Filter>头文件</Filter>
    </ClInclude>
    <ClInclude Include="..\..\..\src\Lib\fat_io_lib\fat_list.h">
      <Filter>头文件</Filter>
    </ClInclude>
    <ClInclude Include="..\..\..\src\Lib\fat_io_lib\fat_misc.h">
      <Filter>头文件</Filter>
    </ClInclude>
    <ClInclude Include="..\..\..\src\Lib\fat_io_lib\fat_opts.h">
      <Filter>头文件</Filter>
    </ClInclude>
    <ClInclude Include="..\..\..\src\Lib\fat_io_lib\fat_string.h">
      <Filter>头文件</Filter>
    </ClInclude>
    <ClInclude Include="..\..\..\src\Lib\fat_io_lib\fat_table.h">
      <Filter>头文件</Filter>
    </ClInclude>
    <ClInclude Include="..\..\..\src\Lib\fat_io_lib\fat_types.h">
      <Filter>头文件</Filter>
    </ClInclude>
    <ClInclude Include="..\..\..\src\Lib\fat_io_lib\fat_write.h">
      <Filter>头文件</Filter>
    </ClInclude>
    <ClInclude Include="..\..\..\src\Lib\libhttp\include\civetweb.h">
      <Filter>头文件</Filter>
    </ClInclude>
    <ClInclude Include="..\..\..\src\Web\ventoy_http.h">
      <Filter>头文件</Filter>
    </ClInclude>
    <ClInclude Include="resource.h">
      <Filter>头文件</Filter>
    </ClInclude>
  </ItemGroup>
  <ItemGroup>
    <Text Include="..\..\..\src\Lib\fat_io_lib\API.txt" />
    <Text Include="..\..\..\src\Lib\fat_io_lib\Configuration.txt" />
    <Text Include="..\..\..\src\Lib\fat_io_lib\COPYRIGHT.txt" />
    <Text Include="..\..\..\src\Lib\fat_io_lib\History.txt" />
    <Text Include="..\..\..\src\Lib\fat_io_lib\License.txt" />
    <Text Include="..\..\..\src\Lib\fat_io_lib\Media Access API.txt" />
    <Text Include="..\..\..\src\Lib\fat_io_lib\version.txt" />
  </ItemGroup>
  <ItemGroup>
    <None Include="..\..\..\src\Lib\libhttp\include\handle_form.inl">
      <Filter>头文件</Filter>
    </None>
    <None Include="..\..\..\src\Lib\libhttp\include\md5.inl">
      <Filter>头文件</Filter>
    </None>
    <None Include="..\..\..\src\Lib\libhttp\include\mod_duktape.inl">
      <Filter>头文件</Filter>
    </None>
    <None Include="..\..\..\src\Lib\libhttp\include\mod_lua.inl">
      <Filter>头文件</Filter>
    </None>
    <None Include="..\..\..\src\Lib\libhttp\include\timer.inl">
      <Filter>头文件</Filter>
    </None>
  </ItemGroup>
  <ItemGroup>
    <ResourceCompile Include="VentoyPlugson.rc">
      <Filter>资源文件</Filter>
    </ResourceCompile>
  </ItemGroup>
  <ItemGroup>
    <Image Include="Res\plugson.ico">
      <Filter>资源文件</Filter>
    </Image>
  </ItemGroup>
</Project>